
Microsoft Visual Studio Solution File, Format Version 12.00
# Visual Studio Version 17
VisualStudioVersion = 17.9.34728.123
MinimumVisualStudioVersion = 10.0.40219.1
Project("{FAE04EC0-301F-11D3-BF4B-00C04F79EFBC}") = "InterfocusConsole", "InterfocusConsole\InterfocusConsole.csproj", "{EAC11D7D-38BC-48FD-AB82-AF6B6F2700D0}"
EndProject
Global
	GlobalSection(SolutionConfigurationPlatforms) = preSolution
		Debug|Any CPU = Debug|Any CPU
		Release|Any CPU = Release|Any CPU
	EndGlobalSection
	GlobalSection(ProjectConfigurationPlatforms) = postSolution
		{EAC11D7D-38BC-48FD-AB82-AF6B6F2700D0}.Debug|Any CPU.ActiveCfg = Debug|Any CPU
		{EAC11D7D-38BC-48FD-AB82-AF6B6F2700D0}.Debug|Any CPU.Build.0 = Debug|Any CPU
		{EAC11D7D-38BC-48FD-AB82-AF6B6F2700D0}.Release|Any CPU.ActiveCfg = Release|Any CPU
		{EAC11D7D-38BC-48FD-AB82-AF6B6F2700D0}.Release|Any CPU.Build.0 = Release|Any CPU
	EndGlobalSection
	GlobalSection(SolutionProperties) = preSolution
		HideSolutionNode = FALSE
	EndGlobalSection
	GlobalSection(ExtensibilityGlobals) = postSolution
		SolutionGuid = {A52B4F85-D277-4B2F-BCEA-72E7D4CD917A}
	EndGlobalSection
EndGlobal
